
Microsoft Visual Studio Solution File, Format Version 12.00
# Visual Studio Version 17
VisualStudioVersion = 17.3.32929.385
MinimumVisualStudioVersion = 10.0.40219.1
Project("{2150E333-8FDC-42A3-9474-1A3956D46DE8}") = "Common", "Common", "{EC81B0E5-72C1-4942-872E-124B0B7AD8C9}"
EndProject
Project("{2150E333-8FDC-42A3-9474-1A3956D46DE8}") = "Patient", "Patient", "{9AD28D30-361B-4D27-8A19-2F14D25D7A1C}"
EndProject
Project("{2150E333-8FDC-42A3-9474-1A3956D46DE8}") = "Tests", "Tests", "{8E5155B7-C4A7-459D-B49D-4FFBAC065A54}"
EndProject
Project("{2150E333-8FDC-42A3-9474-1A3956D46DE8}") = "Tests", "Tests", "{809B7B00-EE79-40EA-BEBC-76418ED72598}"
EndProject
Project("{9A19103F-16F7-4668-BE54-9A1E7A4F7556}") = "Xacte.Patient.Api", "Xacte.Patient.Api\Xacte.Patient.Api.csproj", "{478FBEF2-7376-49FF-8784-EB37DC83EF62}"
EndProject
Project("{9A19103F-16F7-4668-BE54-9A1E7A4F7556}") = "Xacte.Patient.Business", "Xacte.Patient.Business\Xacte.Patient.Business.csproj", "{DFE66D5A-D862-408E-A3BB-CA10D80AF18D}"
EndProject
Project("{9A19103F-16F7-4668-BE54-9A1E7A4F7556}") = "Xacte.Patient.Data", "Xacte.Patient.Data\Xacte.Patient.Data.csproj", "{FB3CC8D7-3EEE-4C82-94F5-9352DDD4FA53}"
EndProject
Project("{9A19103F-16F7-4668-BE54-9A1E7A4F7556}") = "Xacte.Patient.Dto", "Xacte.Patient.Dto\Xacte.Patient.Dto.csproj", "{35C66B6A-5155-4CE5-B34B-EB4BA60CD1B7}"
EndProject
Project("{9A19103F-16F7-4668-BE54-9A1E7A4F7556}") = "Xacte.Common", "Xacte.Common\Xacte.Common.csproj", "{42DF8866-69A3-4462-94C8-A3C1095C4247}"
EndProject
Project("{9A19103F-16F7-4668-BE54-9A1E7A4F7556}") = "Xacte.UI", "Xacte.UI\Xacte.UI.csproj", "{D2B88114-AA06-48DA-B278-2A4A4BE8E8ED}"
EndProject
Project("{2150E333-8FDC-42A3-9474-1A3956D46DE8}") = "System", "System", "{5F155E32-9E21-44C1-B034-B34A30E7A807}"
EndProject
Project("{2150E333-8FDC-42A3-9474-1A3956D46DE8}") = "Tests", "Tests", "{B705669A-388F-4C04-B38B-AE3B4CDDCB3E}"
EndProject
Project("{9A19103F-16F7-4668-BE54-9A1E7A4F7556}") = "Xacte.System.Business", "Xacte.System.Business\Xacte.System.Business.csproj", "{A380C64D-FB0F-4222-B5ED-33CBAF506B18}"
EndProject
Project("{9A19103F-16F7-4668-BE54-9A1E7A4F7556}") = "Xacte.System.Data", "Xacte.System.Data\Xacte.System.Data.csproj", "{6F7ECEDA-D82E-4830-B033-589FEE253BBF}"
EndProject
Project("{9A19103F-16F7-4668-BE54-9A1E7A4F7556}") = "Xacte.System.Dto", "Xacte.System.Dto\Xacte.System.Dto.csproj", "{39B05697-E7E2-45EF-B0AD-17BCB57A216B}"
EndProject
Project("{9A19103F-16F7-4668-BE54-9A1E7A4F7556}") = "Xacte.System.Api", "Xacte.System.Api\Xacte.System.Api.csproj", "{DB714001-CBC3-49E4-9FC2-2D1C5156FFE1}"
EndProject
Project("{9A19103F-16F7-4668-BE54-9A1E7A4F7556}") = "Xacte.Common.RAMQ", "Xacte.Common.RAMQ\Xacte.Common.RAMQ.csproj", "{3D965339-8B5F-4D49-8161-A909DA2E09ED}"
EndProject
Project("{FAE04EC0-301F-11D3-BF4B-00C04F79EFBC}") = "Xacte.Patient.Business.Test", "Xacte.Patient.Business.Test\Xacte.Patient.Business.Test.csproj", "{09C42CD6-CBD0-4439-AF09-8B1E1E05A425}"
EndProject
Project("{FAE04EC0-301F-11D3-BF4B-00C04F79EFBC}") = "Xacte.Patient.Api.Test", "Xacte.Patient.Api.Test\Xacte.Patient.Api.Test.csproj", "{8F98F901-DBCF-452E-8A6F-411720DB94CB}"
EndProject
Global
	GlobalSection(SolutionConfigurationPlatforms) = preSolution
		Debug|Any CPU = Debug|Any CPU
		Release|Any CPU = Release|Any CPU
	EndGlobalSection
	GlobalSection(ProjectConfigurationPlatforms) = postSolution
		{478FBEF2-7376-49FF-8784-EB37DC83EF62}.Debug|Any CPU.ActiveCfg = Debug|Any CPU
		{478FBEF2-7376-49FF-8784-EB37DC83EF62}.Debug|Any CPU.Build.0 = Debug|Any CPU
		{478FBEF2-7376-49FF-8784-EB37DC83EF62}.Release|Any CPU.ActiveCfg = Release|Any CPU
		{478FBEF2-7376-49FF-8784-EB37DC83EF62}.Release|Any CPU.Build.0 = Release|Any CPU
		{DFE66D5A-D862-408E-A3BB-CA10D80AF18D}.Debug|Any CPU.ActiveCfg = Debug|Any CPU
		{DFE66D5A-D862-408E-A3BB-CA10D80AF18D}.Debug|Any CPU.Build.0 = Debug|Any CPU
		{DFE66D5A-D862-408E-A3BB-CA10D80AF18D}.Release|Any CPU.ActiveCfg = Release|Any CPU
		{DFE66D5A-D862-408E-A3BB-CA10D80AF18D}.Release|Any CPU.Build.0 = Release|Any CPU
		{FB3CC8D7-3EEE-4C82-94F5-9352DDD4FA53}.Debug|Any CPU.ActiveCfg = Debug|Any CPU
		{FB3CC8D7-3EEE-4C82-94F5-9352DDD4FA53}.Debug|Any CPU.Build.0 = Debug|Any CPU
		{FB3CC8D7-3EEE-4C82-94F5-9352DDD4FA53}.Release|Any CPU.ActiveCfg = Release|Any CPU
		{FB3CC8D7-3EEE-4C82-94F5-9352DDD4FA53}.Release|Any CPU.Build.0 = Release|Any CPU
		{35C66B6A-5155-4CE5-B34B-EB4BA60CD1B7}.Debug|Any CPU.ActiveCfg = Debug|Any CPU
		{35C66B6A-5155-4CE5-B34B-EB4BA60CD1B7}.Debug|Any CPU.Build.0 = Debug|Any CPU
		{35C66B6A-5155-4CE5-B34B-EB4BA60CD1B7}.Release|Any CPU.ActiveCfg = Release|Any CPU
		{35C66B6A-5155-4CE5-B34B-EB4BA60CD1B7}.Release|Any CPU.Build.0 = Release|Any CPU
		{42DF8866-69A3-4462-94C8-A3C1095C4247}.Debug|Any CPU.ActiveCfg = Debug|Any CPU
		{42DF8866-69A3-4462-94C8-A3C1095C4247}.Debug|Any CPU.Build.0 = Debug|Any CPU
		{42DF8866-69A3-4462-94C8-A3C1095C4247}.Release|Any CPU.ActiveCfg = Release|Any CPU
		{42DF8866-69A3-4462-94C8-A3C1095C4247}.Release|Any CPU.Build.0 = Release|Any CPU
		{D2B88114-AA06-48DA-B278-2A4A4BE8E8ED}.Debug|Any CPU.ActiveCfg = Debug|Any CPU
		{D2B88114-AA06-48DA-B278-2A4A4BE8E8ED}.Debug|Any CPU.Build.0 = Debug|Any CPU
		{D2B88114-AA06-48DA-B278-2A4A4BE8E8ED}.Release|Any CPU.ActiveCfg = Release|Any CPU
		{D2B88114-AA06-48DA-B278-2A4A4BE8E8ED}.Release|Any CPU.Build.0 = Release|Any CPU
		{A380C64D-FB0F-4222-B5ED-33CBAF506B18}.Debug|Any CPU.ActiveCfg = Debug|Any CPU
		{A380C64D-FB0F-4222-B5ED-33CBAF506B18}.Debug|Any CPU.Build.0 = Debug|Any CPU
		{A380C64D-FB0F-4222-B5ED-33CBAF506B18}.Release|Any CPU.ActiveCfg = Release|Any CPU
		{A380C64D-FB0F-4222-B5ED-33CBAF506B18}.Release|Any CPU.Build.0 = Release|Any CPU
		{6F7ECEDA-D82E-4830-B033-589FEE253BBF}.Debug|Any CPU.ActiveCfg = Debug|Any CPU
		{6F7ECEDA-D82E-4830-B033-589FEE253BBF}.Debug|Any CPU.Build.0 = Debug|Any CPU
		{6F7ECEDA-D82E-4830-B033-589FEE253BBF}.Release|Any CPU.ActiveCfg = Release|Any CPU
		{6F7ECEDA-D82E-4830-B033-589FEE253BBF}.Release|Any CPU.Build.0 = Release|Any CPU
		{39B05697-E7E2-45EF-B0AD-17BCB57A216B}.Debug|Any CPU.ActiveCfg = Debug|Any CPU
		{39B05697-E7E2-45EF-B0AD-17BCB57A216B}.Debug|Any CPU.Build.0 = Debug|Any CPU
		{39B05697-E7E2-45EF-B0AD-17BCB57A216B}.Release|Any CPU.ActiveCfg = Release|Any CPU
		{39B05697-E7E2-45EF-B0AD-17BCB57A216B}.Release|Any CPU.Build.0 = Release|Any CPU
		{DB714001-CBC3-49E4-9FC2-2D1C5156FFE1}.Debug|Any CPU.ActiveCfg = Debug|Any CPU
		{DB714001-CBC3-49E4-9FC2-2D1C5156FFE1}.Debug|Any CPU.Build.0 = Debug|Any CPU
		{DB714001-CBC3-49E4-9FC2-2D1C5156FFE1}.Release|Any CPU.ActiveCfg = Release|Any CPU
		{DB714001-CBC3-49E4-9FC2-2D1C5156FFE1}.Release|Any CPU.Build.0 = Release|Any CPU
		{3D965339-8B5F-4D49-8161-A909DA2E09ED}.Debug|Any CPU.ActiveCfg = Debug|Any CPU
		{3D965339-8B5F-4D49-8161-A909DA2E09ED}.Debug|Any CPU.Build.0 = Debug|Any CPU
		{3D965339-8B5F-4D49-8161-A909DA2E09ED}.Release|Any CPU.ActiveCfg = Release|Any CPU
		{3D965339-8B5F-4D49-8161-A909DA2E09ED}.Release|Any CPU.Build.0 = Release|Any CPU
		{09C42CD6-CBD0-4439-AF09-8B1E1E05A425}.Debug|Any CPU.ActiveCfg = Debug|Any CPU
		{09C42CD6-CBD0-4439-AF09-8B1E1E05A425}.Debug|Any CPU.Build.0 = Debug|Any CPU
		{09C42CD6-CBD0-4439-AF09-8B1E1E05A425}.Release|Any CPU.ActiveCfg = Release|Any CPU
		{09C42CD6-CBD0-4439-AF09-8B1E1E05A425}.Release|Any CPU.Build.0 = Release|Any CPU
		{8F98F901-DBCF-452E-8A6F-411720DB94CB}.Debug|Any CPU.ActiveCfg = Debug|Any CPU
		{8F98F901-DBCF-452E-8A6F-411720DB94CB}.Debug|Any CPU.Build.0 = Debug|Any CPU
		{8F98F901-DBCF-452E-8A6F-411720DB94CB}.Release|Any CPU.ActiveCfg = Release|Any CPU
		{8F98F901-DBCF-452E-8A6F-411720DB94CB}.Release|Any CPU.Build.0 = Release|Any CPU
	EndGlobalSection
	GlobalSection(SolutionProperties) = preSolution
		HideSolutionNode = FALSE
	EndGlobalSection
	GlobalSection(NestedProjects) = preSolution
		{8E5155B7-C4A7-459D-B49D-4FFBAC065A54} = {EC81B0E5-72C1-4942-872E-124B0B7AD8C9}
		{809B7B00-EE79-40EA-BEBC-76418ED72598} = {9AD28D30-361B-4D27-8A19-2F14D25D7A1C}
		{478FBEF2-7376-49FF-8784-EB37DC83EF62} = {9AD28D30-361B-4D27-8A19-2F14D25D7A1C}
		{DFE66D5A-D862-408E-A3BB-CA10D80AF18D} = {9AD28D30-361B-4D27-8A19-2F14D25D7A1C}
		{FB3CC8D7-3EEE-4C82-94F5-9352DDD4FA53} = {9AD28D30-361B-4D27-8A19-2F14D25D7A1C}
		{35C66B6A-5155-4CE5-B34B-EB4BA60CD1B7} = {9AD28D30-361B-4D27-8A19-2F14D25D7A1C}
		{42DF8866-69A3-4462-94C8-A3C1095C4247} = {EC81B0E5-72C1-4942-872E-124B0B7AD8C9}
		{B705669A-388F-4C04-B38B-AE3B4CDDCB3E} = {5F155E32-9E21-44C1-B034-B34A30E7A807}
		{A380C64D-FB0F-4222-B5ED-33CBAF506B18} = {5F155E32-9E21-44C1-B034-B34A30E7A807}
		{6F7ECEDA-D82E-4830-B033-589FEE253BBF} = {5F155E32-9E21-44C1-B034-B34A30E7A807}
		{39B05697-E7E2-45EF-B0AD-17BCB57A216B} = {5F155E32-9E21-44C1-B034-B34A30E7A807}
		{DB714001-CBC3-49E4-9FC2-2D1C5156FFE1} = {5F155E32-9E21-44C1-B034-B34A30E7A807}
		{3D965339-8B5F-4D49-8161-A909DA2E09ED} = {EC81B0E5-72C1-4942-872E-124B0B7AD8C9}
		{09C42CD6-CBD0-4439-AF09-8B1E1E05A425} = {809B7B00-EE79-40EA-BEBC-76418ED72598}
		{8F98F901-DBCF-452E-8A6F-411720DB94CB} = {809B7B00-EE79-40EA-BEBC-76418ED72598}
	EndGlobalSection
	GlobalSection(ExtensibilityGlobals) = postSolution
		SolutionGuid = {5BC91544-DE13-4A8C-B788-AFE49EDDC213}
	EndGlobalSection
EndGlobal
